// !$*UTF8*$!
{
	archiveVersion = 1;
	classes = {
	};
	objectVersion = 56;
	objects = {

/* Begin PBXBuildFile section */
		E1B4531A2B96597400E824F1 /* AppDelegate.swift in Sources */ = {isa = PBXBuildFile; fileRef = E1B453192B96597400E824F1 /* AppDelegate.swift */; };
		E1B4531C2B96597400E824F1 /* SceneDelegate.swift in Sources */ = {isa = PBXBuildFile; fileRef = E1B4531B2B96597400E824F1 /* SceneDelegate.swift */; };
		E1B4531E2B96597400E824F1 /* HomeViewController.swift in Sources */ = {isa = PBXBuildFile; fileRef = E1B4531D2B96597400E824F1 /* HomeViewController.swift */; };
		E1B453232B96597800E824F1 /* Assets.xcassets in Resources */ = {isa = PBXBuildFile; fileRef = E1B453222B96597800E824F1 /* Assets.xcassets */; };
		E1B453262B96597800E824F1 /* LaunchScreen.storyboard in Resources */ = {isa = PBXBuildFile; fileRef = E1B453242B96597800E824F1 /* LaunchScreen.storyboard */; };
		E1B453312B96597900E824F1 /* MVVMCoordinatorTests.swift in Sources */ = {isa = PBXBuildFile; fileRef = E1B453302B96597900E824F1 /* MVVMCoordinatorTests.swift */; };
		E1B4533B2B96597900E824F1 /* MVVMCoordinatorUITests.swift in Sources */ = {isa = PBXBuildFile; fileRef = E1B4533A2B96597900E824F1 /* MVVMCoordinatorUITests.swift */; };
		E1B4533D2B96597900E824F1 /* MVVMCoordinatorUITestsLaunchTests.swift in Sources */ = {isa = PBXBuildFile; fileRef = E1B4533C2B96597900E824F1 /* MVVMCoordinatorUITestsLaunchTests.swift */; };
		E1B4534A2B965C7400E824F1 /* ContentView.swift in Sources */ = {isa = PBXBuildFile; fileRef = E1B453492B965C7400E824F1 /* ContentView.swift */; };
		E1B4534D2B965DBF00E824F1 /* Coordinator.swift in Sources */ = {isa = PBXBuildFile; fileRef = E1B4534C2B965DBF00E824F1 /* Coordinator.swift */; };
		E1B4534F2B965DF100E824F1 /* ApplicationCoordinator.swift in Sources */ = {isa = PBXBuildFile; fileRef = E1B4534E2B965DF100E824F1 /* ApplicationCoordinator.swift */; };
		E1D8191E2B966471007D3749 /* OnboardingCoordinator.swift in Sources */ = {isa = PBXBuildFile; fileRef = E1D8191D2B966471007D3749 /* OnboardingCoordinator.swift */; };
		E1D819202B9664BE007D3749 /* OnboardingView.swift in Sources */ = {isa = PBXBuildFile; fileRef = E1D8191F2B9664BE007D3749 /* OnboardingView.swift */; };
		E1D819232B9668F1007D3749 /* ScaledImageView.swift in Sources */ = {isa = PBXBuildFile; fileRef = E1D819222B9668F1007D3749 /* ScaledImageView.swift */; };
/* End PBXBuildFile section */

/* Begin PBXContainerItemProxy section */
		E1B4532D2B96597900E824F1 /* PBXContainerItemProxy */ = {
			isa = PBXContainerItemProxy;
			containerPortal = E1B4530E2B96597400E824F1 /* Project object */;
			proxyType = 1;
			remoteGlobalIDString = E1B453152B96597400E824F1;
			remoteInfo = MVVMCoordinator;
		};
		E1B453372B96597900E824F1 /* PBXContainerItemProxy */ = {
			isa = PBXContainerItemProxy;
			containerPortal = E1B4530E2B96597400E824F1 /* Project object */;
			proxyType = 1;
			remoteGlobalIDString = E1B453152B96597400E824F1;
			remoteInfo = MVVMCoordinator;
		};
/* End PBXContainerItemProxy section */

/* Begin PBXFileReference section */
		E1B453162B96597400E824F1 /* MVVMCoordinator.app */ = {isa = PBXFileReference; explicitFileType = wrapper.application; includeInIndex = 0; path = MVVMCoordinator.app; sourceTree = BUILT_PRODUCTS_DIR; };
		E1B453192B96597400E824F1 /* AppDelegate.swift */ = {isa = PBXFileReference; lastKnownFileType = sourcecode.swift; path = AppDelegate.swift; sourceTree = "<group>"; };
		E1B4531B2B96597400E824F1 /* SceneDelegate.swift */ = {isa = PBXFileReference; lastKnownFileType = sourcecode.swift; path = SceneDelegate.swift; sourceTree = "<group>"; };
		E1B4531D2B96597400E824F1 /* HomeViewController.swift */ = {isa = PBXFileReference; lastKnownFileType = sourcecode.swift; path = HomeViewController.swift; sourceTree = "<group>"; };
		E1B453222B96597800E824F1 /* Assets.xcassets */ = {isa = PBXFileReference; lastKnownFileType = folder.assetcatalog; path = Assets.xcassets; sourceTree = "<group>"; };
		E1B453252B96597800E824F1 /* Base */ = {isa = PBXFileReference; lastKnownFileType = file.storyboard; name = Base; path = Base.lproj/LaunchScreen.storyboard; sourceTree = "<group>"; };
		E1B453272B96597800E824F1 /* Info.plist */ = {isa = PBXFileReference; lastKnownFileType = text.plist.xml; path = Info.plist; sourceTree = "<group>"; };
		E1B4532C2B96597900E824F1 /* MVVMCoordinatorTests.xctest */ = {isa = PBXFileReference; explicitFileType = wrapper.cfbundle; includeInIndex = 0; path = MVVMCoordinatorTests.xctest; sourceTree = BUILT_PRODUCTS_DIR; };
		E1B453302B96597900E824F1 /* MVVMCoordinatorTests.swift */ = {isa = PBXFileReference; lastKnownFileType = sourcecode.swift; path = MVVMCoordinatorTests.swift; sourceTree = "<group>"; };
		E1B453362B96597900E824F1 /* MVVMCoordinatorUITests.xctest */ = {isa = PBXFileReference; explicitFileType = wrapper.cfbundle; includeInIndex = 0; path = MVVMCoordinatorUITests.xctest; sourceTree = BUILT_PRODUCTS_DIR; };
		E1B4533A2B96597900E824F1 /* MVVMCoordinatorUITests.swift */ = {isa = PBXFileReference; lastKnownFileType = sourcecode.swift; path = MVVMCoordinatorUITests.swift; sourceTree = "<group>"; };
		E1B4533C2B96597900E824F1 /* MVVMCoordinatorUITestsLaunchTests.swift */ = {isa = PBXFileReference; lastKnownFileType = sourcecode.swift; path = MVVMCoordinatorUITestsLaunchTests.swift; sourceTree = "<group>"; };
		E1B453492B965C7400E824F1 /* ContentView.swift */ = {isa = PBXFileReference; lastKnownFileType = sourcecode.swift; path = ContentView.swift; sourceTree = "<group>"; };
		E1B4534C2B965DBF00E824F1 /* Coordinator.swift */ = {isa = PBXFileReference; lastKnownFileType = sourcecode.swift; path = Coordinator.swift; sourceTree = "<group>"; };
		E1B4534E2B965DF100E824F1 /* ApplicationCoordinator.swift */ = {isa = PBXFileReference; lastKnownFileType = sourcecode.swift; path = ApplicationCoordinator.swift; sourceTree = "<group>"; };
		E1D8191D2B966471007D3749 /* OnboardingCoordinator.swift */ = {isa = PBXFileReference; lastKnownFileType = sourcecode.swift; path = OnboardingCoordinator.swift; sourceTree = "<group>"; };
		E1D8191F2B9664BE007D3749 /* OnboardingView.swift */ = {isa = PBXFileReference; lastKnownFileType = sourcecode.swift; path = OnboardingView.swift; sourceTree = "<group>"; };
		E1D819222B9668F1007D3749 /* ScaledImageView.swift */ = {isa = PBXFileReference; lastKnownFileType = sourcecode.swift; path = ScaledImageView.swift; sourceTree = "<group>"; };
/* End PBXFileReference section */

/* Begin PBXFrameworksBuildPhase section */
		E1B453132B96597400E824F1 /* Frameworks */ = {
			isa = PBXFrameworksBuildPhase;
			buildActionMask = 2147483647;
			files = (
			);
			runOnlyForDeploymentPostprocessing = 0;
		};
		E1B453292B96597900E824F1 /* Frameworks */ = {
			isa = PBXFrameworksBuildPhase;
			buildActionMask = 2147483647;
			files = (
			);
			runOnlyForDeploymentPostprocessing = 0;
		};
		E1B453332B96597900E824F1 /* Frameworks */ = {
			isa = PBXFrameworksBuildPhase;
			buildActionMask = 2147483647;
			files = (
			);
			runOnlyForDeploymentPostprocessing = 0;
		};
/* End PBXFrameworksBuildPhase section */

/* Begin PBXGroup section */
		E1B4530D2B96597400E824F1 = {
			isa = PBXGroup;
			children = (
				E1B453182B96597400E824F1 /* MVVMCoordinator */,
				E1B4532F2B96597900E824F1 /* MVVMCoordinatorTests */,
				E1B453392B96597900E824F1 /* MVVMCoordinatorUITests */,
				E1B453172B96597400E824F1 /* Products */,
			);
			sourceTree = "<group>";
		};
		E1B453172B96597400E824F1 /* Products */ = {
			isa = PBXGroup;
			children = (
				E1B453162B96597400E824F1 /* MVVMCoordinator.app */,
				E1B4532C2B96597900E824F1 /* MVVMCoordinatorTests.xctest */,
				E1B453362B96597900E824F1 /* MVVMCoordinatorUITests.xctest */,
			);
			name = Products;
			sourceTree = "<group>";
		};
		E1B453182B96597400E824F1 /* MVVMCoordinator */ = {
			isa = PBXGroup;
			children = (
				E1B453192B96597400E824F1 /* AppDelegate.swift */,
				E1B4531B2B96597400E824F1 /* SceneDelegate.swift */,
				E1B4534E2B965DF100E824F1 /* ApplicationCoordinator.swift */,
				E1B453492B965C7400E824F1 /* ContentView.swift */,
				E1B4531D2B96597400E824F1 /* HomeViewController.swift */,
				E1D8191C2B966442007D3749 /* Main */,
				E1D8191B2B966433007D3749 /* Onboarding */,
				E1B4534B2B965DA300E824F1 /* Protocols */,
				E1D819212B9668D3007D3749 /* Helper */,
				E1B453222B96597800E824F1 /* Assets.xcassets */,
				E1B453242B96597800E824F1 /* LaunchScreen.storyboard */,
				E1B453272B96597800E824F1 /* Info.plist */,
			);
			path = MVVMCoordinator;
			sourceTree = "<group>";
		};
		E1B4532F2B96597900E824F1 /* MVVMCoordinatorTests */ = {
			isa = PBXGroup;
			children = (
				E1B453302B96597900E824F1 /* MVVMCoordinatorTests.swift */,
			);
			path = MVVMCoordinatorTests;
			sourceTree = "<group>";
		};
		E1B453392B96597900E824F1 /* MVVMCoordinatorUITests */ = {
			isa = PBXGroup;
			children = (
				E1B4533A2B96597900E824F1 /* MVVMCoordinatorUITests.swift */,
				E1B4533C2B96597900E824F1 /* MVVMCoordinatorUITestsLaunchTests.swift */,
			);
			path = MVVMCoordinatorUITests;
			sourceTree = "<group>";
		};
		E1B4534B2B965DA300E824F1 /* Protocols */ = {
			isa = PBXGroup;
			children = (
				E1B4534C2B965DBF00E824F1 /* Coordinator.swift */,
			);
			path = Protocols;
			sourceTree = "<group>";
		};
		E1D8191B2B966433007D3749 /* Onboarding */ = {
			isa = PBXGroup;
			children = (
				E1D8191D2B966471007D3749 /* OnboardingCoordinator.swift */,
				E1D8191F2B9664BE007D3749 /* OnboardingView.swift */,
			);
			path = Onboarding;
			sourceTree = "<group>";
		};
		E1D8191C2B966442007D3749 /* Main */ = {
			isa = PBXGroup;
			children = (
			);
			path = Main;
			sourceTree = "<group>";
		};
		E1D819212B9668D3007D3749 /* Helper */ = {
			isa = PBXGroup;
			children = (
				E1D819222B9668F1007D3749 /* ScaledImageView.swift */,
			);
			path = Helper;
			sourceTree = "<group>";
		};
/* End PBXGroup section */

/* Begin PBXNativeTarget section */
		E1B453152B96597400E824F1 /* MVVMCoordinator */ = {
			isa = PBXNativeTarget;
			buildConfigurationList = E1B453402B96597900E824F1 /* Build configuration list for PBXNativeTarget "MVVMCoordinator" */;
			buildPhases = (
				E1B453122B96597400E824F1 /* Sources */,
				E1B453132B96597400E824F1 /* Frameworks */,
				E1B453142B96597400E824F1 /* Resources */,
			);
			buildRules = (
			);
			dependencies = (
			);
			name = MVVMCoordinator;
			productName = MVVMCoordinator;
			productReference = E1B453162B96597400E824F1 /* MVVMCoordinator.app */;
			productType = "com.apple.product-type.application";
		};
		E1B4532B2B96597900E824F1 /* MVVMCoordinatorTests */ = {
			isa = PBXNativeTarget;
			buildConfigurationList = E1B453432B96597900E824F1 /* Build configuration list for PBXNativeTarget "MVVMCoordinatorTests" */;
			buildPhases = (
				E1B453282B96597900E824F1 /* Sources */,
				E1B453292B96597900E824F1 /* Frameworks */,
				E1B4532A2B96597900E824F1 /* Resources */,
			);
			buildRules = (
			);
			dependencies = (
				E1B4532E2B96597900E824F1 /* PBXTargetDependency */,
			);
			name = MVVMCoordinatorTests;
			productName = MVVMCoordinatorTests;
			productReference = E1B4532C2B96597900E824F1 /* MVVMCoordinatorTests.xctest */;
			productType = "com.apple.product-type.bundle.unit-test";
		};
		E1B453352B96597900E824F1 /* MVVMCoordinatorUITests */ = {
			isa = PBXNativeTarget;
			buildConfigurationList = E1B453462B96597900E824F1 /* Build configuration list for PBXNativeTarget "MVVMCoordinatorUITests" */;
			buildPhases = (
				E1B453322B96597900E824F1 /* Sources */,
				E1B453332B96597900E824F1 /* Frameworks */,
				E1B453342B96597900E824F1 /* Resources */,
			);
			buildRules = (
			);
			dependencies = (
				E1B453382B96597900E824F1 /* PBXTargetDependency */,
			);
			name = MVVMCoordinatorUITests;
			productName = MVVMCoordinatorUITests;
			productReference = E1B453362B96597900E824F1 /* MVVMCoordinatorUITests.xctest */;
			productType = "com.apple.product-type.bundle.ui-testing";
		};
/* End PBXNativeTarget section */

/* Begin PBXProject section */
		E1B4530E2B96597400E824F1 /* Project object */ = {
			isa = PBXProject;
			attributes = {
				BuildIndependentTargetsInParallel = 1;
				LastSwiftUpdateCheck = 1420;
				LastUpgradeCheck = 1420;
				TargetAttributes = {
					E1B453152B96597400E824F1 = {
						CreatedOnToolsVersion = 14.2;
					};
					E1B4532B2B96597900E824F1 = {
						CreatedOnToolsVersion = 14.2;
						TestTargetID = E1B453152B96597400E824F1;
					};
					E1B453352B96597900E824F1 = {
						CreatedOnToolsVersion = 14.2;
						TestTargetID = E1B453152B96597400E824F1;
					};
				};
			};
			buildConfigurationList = E1B453112B96597400E824F1 /* Build configuration list for PBXProject "MVVMCoordinator" */;
			compatibilityVersion = "Xcode 14.0";
			developmentRegion = en;
			hasScannedForEncodings = 0;
			knownRegions = (
				en,
				Base,
			);
			mainGroup = E1B4530D2B96597400E824F1;
			productRefGroup = E1B453172B96597400E824F1 /* Products */;
			projectDirPath = "";
			projectRoot = "";
			targets = (
				E1B453152B96597400E824F1 /* MVVMCoordinator */,
				E1B4532B2B96597900E824F1 /* MVVMCoordinatorTests */,
				E1B453352B96597900E824F1 /* MVVMCoordinatorUITests */,
			);
		};
/* End PBXProject section */

/* Begin PBXResourcesBuildPhase section */
		E1B453142B96597400E824F1 /* Resources */ = {
			isa = PBXResourcesBuildPhase;
			buildActionMask = 2147483647;
			files = (
				E1B453262B96597800E824F1 /* LaunchScreen.storyboard in Resources */,
				E1B453232B96597800E824F1 /* Assets.xcassets in Resources */,
			);
			runOnlyForDeploymentPostprocessing = 0;
		};
		E1B4532A2B96597900E824F1 /* Resources */ = {
			isa = PBXResourcesBuildPhase;
			buildActionMask = 2147483647;
			files = (
			);
			runOnlyForDeploymentPostprocessing = 0;
		};
		E1B453342B96597900E824F1 /* Resources */ = {
			isa = PBXResourcesBuildPhase;
			buildActionMask = 2147483647;
			files = (
			);
			runOnlyForDeploymentPostprocessing = 0;
		};
/* End PBXResourcesBuildPhase section */

/* Begin PBXSourcesBuildPhase section */
		E1B453122B96597400E824F1 /* Sources */ = {
			isa = PBXSourcesBuildPhase;
			buildActionMask = 2147483647;
			files = (
				E1B4531E2B96597400E824F1 /* HomeViewController.swift in Sources */,
				E1B4531A2B96597400E824F1 /* AppDelegate.swift in Sources */,
				E1B4534D2B965DBF00E824F1 /* Coordinator.swift in Sources */,
				E1D8191E2B966471007D3749 /* OnboardingCoordinator.swift in Sources */,
				E1B4534A2B965C7400E824F1 /* ContentView.swift in Sources */,
				E1D819232B9668F1007D3749 /* ScaledImageView.swift in Sources */,
				E1D819202B9664BE007D3749 /* OnboardingView.swift in Sources */,
				E1B4531C2B96597400E824F1 /* SceneDelegate.swift in Sources */,
				E1B4534F2B965DF100E824F1 /* ApplicationCoordinator.swift in Sources */,
			);
			runOnlyForDeploymentPostprocessing = 0;
		};
		E1B453282B96597900E824F1 /* Sources */ = {
			isa = PBXSourcesBuildPhase;
			buildActionMask = 2147483647;
			files = (
				E1B453312B96597900E824F1 /* MVVMCoordinatorTests.swift in Sources */,
			);
			runOnlyForDeploymentPostprocessing = 0;
		};
		E1B453322B96597900E824F1 /* Sources */ = {
			isa = PBXSourcesBuildPhase;
			buildActionMask = 2147483647;
			files = (
				E1B4533B2B96597900E824F1 /* MVVMCoordinatorUITests.swift in Sources */,
				E1B4533D2B96597900E824F1 /* MVVMCoordinatorUITestsLaunchTests.swift in Sources */,
			);
			runOnlyForDeploymentPostprocessing = 0;
		};
/* End PBXSourcesBuildPhase section */

/* Begin PBXTargetDependency section */
		E1B4532E2B96597900E824F1 /* PBXTargetDependency */ = {
			isa = PBXTargetDependency;
			target = E1B453152B96597400E824F1 /* MVVMCoordinator */;
			targetProxy = E1B4532D2B96597900E824F1 /* PBXContainerItemProxy */;
		};
		E1B453382B96597900E824F1 /* PBXTargetDependency */ = {
			isa = PBXTargetDependency;
			target = E1B453152B96597400E824F1 /* MVVMCoordinator */;
			targetProxy = E1B453372B96597900E824F1 /* PBXContainerItemProxy */;
		};
/* End PBXTargetDependency section */

/* Begin PBXVariantGroup section */
		E1B453242B96597800E824F1 /* LaunchScreen.storyboard */ = {
			isa = PBXVariantGroup;
			children = (
				E1B453252B96597800E824F1 /* Base */,
			);
			name = LaunchScreen.storyboard;
			sourceTree = "<group>";
		};
/* End PBXVariantGroup section */

/* Begin XCBuildConfiguration section */
		E1B4533E2B96597900E824F1 /* Debug */ = {
			isa = XCBuildConfiguration;
			buildSettings = {
				ALWAYS_SEARCH_USER_PATHS = NO;
				CLANG_ANALYZER_NONNULL = YES;
				CLANG_ANALYZER_NUMBER_OBJECT_CONVERSION = YES_AGGRESSIVE;
				CLANG_CXX_LANGUAGE_STANDARD = "gnu++20";
				CLANG_ENABLE_MODULES = YES;
				CLANG_ENABLE_OBJC_ARC = YES;
				CLANG_ENABLE_OBJC_WEAK = YES;
				CLANG_WARN_BLOCK_CAPTURE_AUTORELEASING = YES;
				CLANG_WARN_BOOL_CONVERSION = YES;
				CLANG_WARN_COMMA = YES;
				CLANG_WARN_CONSTANT_CONVERSION = YES;
				CLANG_WARN_DEPRECATED_OBJC_IMPLEMENTATIONS = YES;
				CLANG_WARN_DIRECT_OBJC_ISA_USAGE = YES_ERROR;
				CLANG_WARN_DOCUMENTATION_COMMENTS = YES;
				CLANG_WARN_EMPTY_BODY = YES;
				CLANG_WARN_ENUM_CONVERSION = YES;
				CLANG_WARN_INFINITE_RECURSION = YES;
				CLANG_WARN_INT_CONVERSION = YES;
				CLANG_WARN_NON_LITERAL_NULL_CONVERSION = YES;
				CLANG_WARN_OBJC_IMPLICIT_RETAIN_SELF = YES;
				CLANG_WARN_OBJC_LITERAL_CONVERSION = YES;
				CLANG_WARN_OBJC_ROOT_CLASS = YES_ERROR;
				CLANG_WARN_QUOTED_INCLUDE_IN_FRAMEWORK_HEADER = YES;
				CLANG_WARN_RANGE_LOOP_ANALYSIS = YES;
				CLANG_WARN_STRICT_PROTOTYPES = YES;
				CLANG_WARN_SUSPICIOUS_MOVE = YES;
				CLANG_WARN_UNGUARDED_AVAILABILITY = YES_AGGRESSIVE;
				CLANG_WARN_UNREACHABLE_CODE = YES;
				CLANG_WARN__DUPLICATE_METHOD_MATCH = YES;
				COPY_PHASE_STRIP = NO;
				DEBUG_INFORMATION_FORMAT = dwarf;
				ENABLE_STRICT_OBJC_MSGSEND = YES;
				ENABLE_TESTABILITY = YES;
				GCC_C_LANGUAGE_STANDARD = gnu11;
				GCC_DYNAMIC_NO_PIC = NO;
				GCC_NO_COMMON_BLOCKS = YES;
				GCC_OPTIMIZATION_LEVEL = 0;
				GCC_PREPROCESSOR_DEFINITIONS = (
					"DEBUG=1",
					"$(inherited)",
				);
				GCC_WARN_64_TO_32_BIT_CONVERSION = YES;
				GCC_WARN_ABOUT_RETURN_TYPE = YES_ERROR;
				GCC_WARN_UNDECLARED_SELECTOR = YES;
				GCC_WARN_UNINITIALIZED_AUTOS = YES_AGGRESSIVE;
				GCC_WARN_UNUSED_FUNCTION = YES;
				GCC_WARN_UNUSED_VARIABLE = YES;
				IPHONEOS_DEPLOYMENT_TARGET = 13.0;
				MTL_ENABLE_DEBUG_INFO = INCLUDE_SOURCE;
				MTL_FAST_MATH = YES;
				ONLY_ACTIVE_ARCH = YES;
				SDKROOT = iphoneos;
				SWIFT_ACTIVE_COMPILATION_CONDITIONS = DEBUG;
				SWIFT_OPTIMIZATION_LEVEL = "-Onone";
			};
			name = Debug;
		};
		E1B4533F2B96597900E824F1 /* Release */ = {
			isa = XCBuildConfiguration;
			buildSettings = {
				ALWAYS_SEARCH_USER_PATHS = NO;
				CLANG_ANALYZER_NONNULL = YES;
				CLANG_ANALYZER_NUMBER_OBJECT_CONVERSION = YES_AGGRESSIVE;
				CLANG_CXX_LANGUAGE_STANDARD = "gnu++20";
				CLANG_ENABLE_MODULES = YES;
				CLANG_ENABLE_OBJC_ARC = YES;
				CLANG_ENABLE_OBJC_WEAK = YES;
				CLANG_WARN_BLOCK_CAPTURE_AUTORELEASING = YES;
				CLANG_WARN_BOOL_CONVERSION = YES;
				CLANG_WARN_COMMA = YES;
				CLANG_WARN_CONSTANT_CONVERSION = YES;
				CLANG_WARN_DEPRECATED_OBJC_IMPLEMENTATIONS = YES;
				CLANG_WARN_DIRECT_OBJC_ISA_USAGE = YES_ERROR;
				CLANG_WARN_DOCUMENTATION_COMMENTS = YES;
				CLANG_WARN_EMPTY_BODY = YES;
				CLANG_WARN_ENUM_CONVERSION = YES;
				CLANG_WARN_INFINITE_RECURSION = YES;
				CLANG_WARN_INT_CONVERSION = YES;
				CLANG_WARN_NON_LITERAL_NULL_CONVERSION = YES;
				CLANG_WARN_OBJC_IMPLICIT_RETAIN_SELF = YES;
				CLANG_WARN_OBJC_LITERAL_CONVERSION = YES;
				CLANG_WARN_OBJC_ROOT_CLASS = YES_ERROR;
				CLANG_WARN_QUOTED_INCLUDE_IN_FRAMEWORK_HEADER = YES;
				CLANG_WARN_RANGE_LOOP_ANALYSIS = YES;
				CLANG_WARN_STRICT_PROTOTYPES = YES;
				CLANG_WARN_SUSPICIOUS_MOVE = YES;
				CLANG_WARN_UNGUARDED_AVAILABILITY = YES_AGGRESSIVE;
				CLANG_WARN_UNREACHABLE_CODE = YES;
				CLANG_WARN__DUPLICATE_METHOD_MATCH = YES;
				COPY_PHASE_STRIP = NO;
				DEBUG_INFORMATION_FORMAT = "dwarf-with-dsym";
				ENABLE_NS_ASSERTIONS = NO;
				ENABLE_STRICT_OBJC_MSGSEND = YES;
				GCC_C_LANGUAGE_STANDARD = gnu11;
				GCC_NO_COMMON_BLOCKS = YES;
				GCC_WARN_64_TO_32_BIT_CONVERSION = YES;
				GCC_WARN_ABOUT_RETURN_TYPE = YES_ERROR;
				GCC_WARN_UNDECLARED_SELECTOR = YES;
				GCC_WARN_UNINITIALIZED_AUTOS = YES_AGGRESSIVE;
				GCC_WARN_UNUSED_FUNCTION = YES;
				GCC_WARN_UNUSED_VARIABLE = YES;
				IPHONEOS_DEPLOYMENT_TARGET = 13.0;
				MTL_ENABLE_DEBUG_INFO = NO;
				MTL_FAST_MATH = YES;
				SDKROOT = iphoneos;
				SWIFT_COMPILATION_MODE = wholemodule;
				SWIFT_OPTIMIZATION_LEVEL = "-O";
				VALIDATE_PRODUCT = YES;
			};
			name = Release;
		};
		E1B453412B96597900E824F1 /* Debug */ = {
			isa = XCBuildConfiguration;
			buildSettings = {
				ASSETCATALOG_COMPILER_APPICON_NAME = AppIcon;
				ASSETCATALOG_COMPILER_GLOBAL_ACCENT_COLOR_NAME = AccentColor;
				CODE_SIGN_STYLE = Automatic;
				CURRENT_PROJECT_VERSION = 1;
				DEVELOPMENT_TEAM = QB5D9L8BLU;
				GENERATE_INFOPLIST_FILE = YES;
				INFOPLIST_FILE = MVVMCoordinator/Info.plist;
				INFOPLIST_KEY_UIApplicationSupportsIndirectInputEvents = YES;
				INFOPLIST_KEY_UILaunchStoryboardName = LaunchScreen;
				INFOPLIST_KEY_UISupportedInterfaceOrientations_iPad = "UIInterfaceOrientationPortrait UIInterfaceOrientationPortraitUpsideDown UIInterfaceOrientationLandscapeLeft UIInterfaceOrientationLandscapeRight";
				INFOPLIST_KEY_UISupportedInterfaceOrientations_iPhone = "UIInterfaceOrientationPortrait UIInterfaceOrientationLandscapeLeft UIInterfaceOrientationLandscapeRight";
				IPHONEOS_DEPLOYMENT_TARGET = 14.0;
				LD_RUNPATH_SEARCH_PATHS = (
					"$(inherited)",
					"@executable_path/Frameworks",
				);
				MARKETING_VERSION = 1.0;
				PRODUCT_BUNDLE_IDENTIFIER = com.example.MVVMCoordinator;
				PRODUCT_NAME = "$(TARGET_NAME)";
				SWIFT_EMIT_LOC_STRINGS = YES;
				SWIFT_VERSION = 5.0;
				TARGETED_DEVICE_FAMILY = "1,2";
			};
			name = Debug;
		};
		E1B453422B96597900E824F1 /* Release */ = {
			isa = XCBuildConfiguration;
			buildSettings = {
				ASSETCATALOG_COMPILER_APPICON_NAME = AppIcon;
				ASSETCATALOG_COMPILER_GLOBAL_ACCENT_COLOR_NAME = AccentColor;
				CODE_SIGN_STYLE = Automatic;
				CURRENT_PROJECT_VERSION = 1;
				DEVELOPMENT_TEAM = QB5D9L8BLU;
				GENERATE_INFOPLIST_FILE = YES;
				INFOPLIST_FILE = MVVMCoordinator/Info.plist;
				INFOPLIST_KEY_UIApplicationSupportsIndirectInputEvents = YES;
				INFOPLIST_KEY_UILaunchStoryboardName = LaunchScreen;
				INFOPLIST_KEY_UISupportedInterfaceOrientations_iPad = "UIInterfaceOrientationPortrait UIInterfaceOrientationPortraitUpsideDown UIInterfaceOrientationLandscapeLeft UIInterfaceOrientationLandscapeRight";
				INFOPLIST_KEY_UISupportedInterfaceOrientations_iPhone = "UIInterfaceOrientationPortrait UIInterfaceOrientationLandscapeLeft UIInterfaceOrientationLandscapeRight";
				IPHONEOS_DEPLOYMENT_TARGET = 14.0;
				LD_RUNPATH_SEARCH_PATHS = (
					"$(inherited)",
					"@executable_path/Frameworks",
				);
				MARKETING_VERSION = 1.0;
				PRODUCT_BUNDLE_IDENTIFIER = com.example.MVVMCoordinator;
				PRODUCT_NAME = "$(TARGET_NAME)";
				SWIFT_EMIT_LOC_STRINGS = YES;
				SWIFT_VERSION = 5.0;
				TARGETED_DEVICE_FAMILY = "1,2";
			};
			name = Release;
		};
		E1B453442B96597900E824F1 /* Debug */ = {
			isa = XCBuildConfiguration;
			buildSettings = {
				ALWAYS_EMBED_SWIFT_STANDARD_LIBRARIES = YES;
				BUNDLE_LOADER = "$(TEST_HOST)";
				CODE_SIGN_STYLE = Automatic;
				CURRENT_PROJECT_VERSION = 1;
				DEVELOPMENT_TEAM = QB5D9L8BLU;
				GENERATE_INFOPLIST_FILE = YES;
				IPHONEOS_DEPLOYMENT_TARGET = 16.2;
				MARKETING_VERSION = 1.0;
				PRODUCT_BUNDLE_IDENTIFIER = com.example.MVVMCoordinatorTests;
				PRODUCT_NAME = "$(TARGET_NAME)";
				SWIFT_EMIT_LOC_STRINGS = NO;
				SWIFT_VERSION = 5.0;
				TARGETED_DEVICE_FAMILY = "1,2";
				TEST_HOST = "$(BUILT_PRODUCTS_DIR)/MVVMCoordinator.app/$(BUNDLE_EXECUTABLE_FOLDER_PATH)/MVVMCoordinator";
			};
			name = Debug;
		};
		E1B453452B96597900E824F1 /* Release */ = {
			isa = XCBuildConfiguration;
			buildSettings = {
				ALWAYS_EMBED_SWIFT_STANDARD_LIBRARIES = YES;
				BUNDLE_LOADER = "$(TEST_HOST)";
				CODE_SIGN_STYLE = Automatic;
				CURRENT_PROJECT_VERSION = 1;
				DEVELOPMENT_TEAM = QB5D9L8BLU;
				GENERATE_INFOPLIST_FILE = YES;
				IPHONEOS_DEPLOYMENT_TARGET = 16.2;
				MARKETING_VERSION = 1.0;
				PRODUCT_BUNDLE_IDENTIFIER = com.example.MVVMCoordinatorTests;
				PRODUCT_NAME = "$(TARGET_NAME)";
				SWIFT_EMIT_LOC_STRINGS = NO;
				SWIFT_VERSION = 5.0;
				TARGETED_DEVICE_FAMILY = "1,2";
				TEST_HOST = "$(BUILT_PRODUCTS_DIR)/MVVMCoordinator.app/$(BUNDLE_EXECUTABLE_FOLDER_PATH)/MVVMCoordinator";
			};
			name = Release;
		};
		E1B453472B96597900E824F1 /* Debug */ = {
			isa = XCBuildConfiguration;
			buildSettings = {
				ALWAYS_EMBED_SWIFT_STANDARD_LIBRARIES = YES;
				CODE_SIGN_STYLE = Automatic;
				CURRENT_PROJECT_VERSION = 1;
				DEVELOPMENT_TEAM = QB5D9L8BLU;
				GENERATE_INFOPLIST_FILE = YES;
				MARKETING_VERSION = 1.0;
				PRODUCT_BUNDLE_IDENTIFIER = com.example.MVVMCoordinatorUITests;
				PRODUCT_NAME = "$(TARGET_NAME)";
				SWIFT_EMIT_LOC_STRINGS = NO;
				SWIFT_VERSION = 5.0;
				TARGETED_DEVICE_FAMILY = "1,2";
				TEST_TARGET_NAME = MVVMCoordinator;
			};
			name = Debug;
		};
		E1B453482B96597900E824F1 /* Release */ = {
			isa = XCBuildConfiguration;
			buildSettings = {
				ALWAYS_EMBED_SWIFT_STANDARD_LIBRARIES = YES;
				CODE_SIGN_STYLE = Automatic;
				CURRENT_PROJECT_VERSION = 1;
				DEVELOPMENT_TEAM = QB5D9L8BLU;
				GENERATE_INFOPLIST_FILE = YES;
				MARKETING_VERSION = 1.0;
				PRODUCT_BUNDLE_IDENTIFIER = com.example.MVVMCoordinatorUITests;
				PRODUCT_NAME = "$(TARGET_NAME)";
				SWIFT_EMIT_LOC_STRINGS = NO;
				SWIFT_VERSION = 5.0;
				TARGETED_DEVICE_FAMILY = "1,2";
				TEST_TARGET_NAME = MVVMCoordinator;
			};
			name = Release;
		};
/* End XCBuildConfiguration section */

/* Begin XCConfigurationList section */
		E1B453112B96597400E824F1 /* Build configuration list for PBXProject "MVVMCoordinator" */ = {
			isa = XCConfigurationList;
			buildConfigurations = (
				E1B4533E2B96597900E824F1 /* Debug */,
				E1B4533F2B96597900E824F1 /* Release */,
			);
			defaultConfigurationIsVisible = 0;
			defaultConfigurationName = Release;
		};
		E1B453402B96597900E824F1 /* Build configuration list for PBXNativeTarget "MVVMCoordinator" */ = {
			isa = XCConfigurationList;
			buildConfigurations = (
				E1B453412B96597900E824F1 /* Debug */,
				E1B453422B96597900E824F1 /* Release */,
			);
			defaultConfigurationIsVisible = 0;
			defaultConfigurationName = Release;
		};
		E1B453432B96597900E824F1 /* Build configuration list for PBXNativeTarget "MVVMCoordinatorTests" */ = {
			isa = XCConfigurationList;
			buildConfigurations = (
				E1B453442B96597900E824F1 /* Debug */,
				E1B453452B96597900E824F1 /* Release */,
			);
			defaultConfigurationIsVisible = 0;
			defaultConfigurationName = Release;
		};
		E1B453462B96597900E824F1 /* Build configuration list for PBXNativeTarget "MVVMCoordinatorUITests" */ = {
			isa = XCConfigurationList;
			buildConfigurations = (
				E1B453472B96597900E824F1 /* Debug */,
				E1B453482B96597900E824F1 /* Release */,
			);
			defaultConfigurationIsVisible = 0;
			defaultConfigurationName = Release;
		};
/* End XCConfigurationList section */
	};
	rootObject = E1B4530E2B96597400E824F1 /* Project object */;
}
